
Microsoft Visual Studio Solution File, Format Version 11.00
# Visual Studio 2010
Project("{FAE04EC0-301F-11D3-BF4B-00C04F79EFBC}") = "UnityEngine.TestRunner", "UnityEngine.TestRunner.csproj", "{04da9b23-86e9-fa6d-e547-5054dc14f9cd}"
EndProject
Project("{FAE04EC0-301F-11D3-BF4B-00C04F79EFBC}") = "UnityEngine.UI", "UnityEngine.UI.csproj", "{2824af1e-badd-3e47-ce9f-93efe28b3ec5}"
EndProject
Project("{FAE04EC0-301F-11D3-BF4B-00C04F79EFBC}") = "Unity.VisualScripting.Flow", "Unity.VisualScripting.Flow.csproj", "{d503394b-718c-3324-ac6e-e7799b72660c}"
EndProject
Project("{FAE04EC0-301F-11D3-BF4B-00C04F79EFBC}") = "Unity.VisualScripting.State", "Unity.VisualScripting.State.csproj", "{b4a7410d-c26a-0d63-bbc7-54003ed9a175}"
EndProject
Project("{FAE04EC0-301F-11D3-BF4B-00C04F79EFBC}") = "Unity.VisualScripting.Core", "Unity.VisualScripting.Core.csproj", "{e322568d-ee15-83da-2835-10da27891584}"
EndProject
Project("{FAE04EC0-301F-11D3-BF4B-00C04F79EFBC}") = "Assembly-CSharp", "Assembly-CSharp.csproj", "{0e2080fd-eb03-312d-1de0-ac96f86a3871}"
EndProject
Project("{FAE04EC0-301F-11D3-BF4B-00C04F79EFBC}") = "Unity.TextMeshPro", "Unity.TextMeshPro.csproj", "{731fd09c-d490-8a47-9009-11619a240c5b}"
EndProject
Project("{FAE04EC0-301F-11D3-BF4B-00C04F79EFBC}") = "Unity.Timeline", "Unity.Timeline.csproj", "{f8b0497d-a86b-0440-a3b5-dc75723be7d3}"
EndProject
Project("{FAE04EC0-301F-11D3-BF4B-00C04F79EFBC}") = "Unity.PlasticSCM.Editor", "Unity.PlasticSCM.Editor.csproj", "{4e5d52fb-bb40-277b-389f-9bb3b326fa80}"
EndProject
Project("{FAE04EC0-301F-11D3-BF4B-00C04F79EFBC}") = "Unity.VisualScripting.Core.Editor", "Unity.VisualScripting.Core.Editor.csproj", "{268371ce-643f-4118-5c4d-48e9e11b6fd0}"
EndProject
Project("{FAE04EC0-301F-11D3-BF4B-00C04F79EFBC}") = "Unity.VisualScripting.Flow.Editor", "Unity.VisualScripting.Flow.Editor.csproj", "{12b8dc45-397e-99f2-af27-657a8a3e3b98}"
EndProject
Project("{FAE04EC0-301F-11D3-BF4B-00C04F79EFBC}") = "Unity.VisualStudio.Editor", "Unity.VisualStudio.Editor.csproj", "{5f8a1620-6e6f-1e13-0f99-545f3711e5be}"
EndProject
Project("{FAE04EC0-301F-11D3-BF4B-00C04F79EFBC}") = "Unity.Timeline.Editor", "Unity.Timeline.Editor.csproj", "{0de47665-58f1-5f23-bd2b-bc06b8bd9796}"
EndProject
Project("{FAE04EC0-301F-11D3-BF4B-00C04F79EFBC}") = "Unity.VisualScripting.State.Editor", "Unity.VisualScripting.State.Editor.csproj", "{b4a18646-11ee-b6a3-d5b7-ff708f621f7a}"
EndProject
Project("{FAE04EC0-301F-11D3-BF4B-00C04F79EFBC}") = "Unity.TextMeshPro.Editor", "Unity.TextMeshPro.Editor.csproj", "{b4732ff2-8c1d-a66c-36a4-78b3642955a1}"
EndProject
Project("{FAE04EC0-301F-11D3-BF4B-00C04F79EFBC}") = "Unity.VisualScripting.SettingsProvider.Editor", "Unity.VisualScripting.SettingsProvider.Editor.csproj", "{8d88f638-eed3-49fd-f58c-d1e70fb0ea7e}"
EndProject
Project("{FAE04EC0-301F-11D3-BF4B-00C04F79EFBC}") = "UnityEditor.TestRunner", "UnityEditor.TestRunner.csproj", "{faf79fdb-4fae-e16e-7657-96408ffdeba5}"
EndProject
Project("{FAE04EC0-301F-11D3-BF4B-00C04F79EFBC}") = "Unity.TestTools.CodeCoverage.Editor", "Unity.TestTools.CodeCoverage.Editor.csproj", "{a8c6bf64-8d3c-f9d5-abea-5527dc045bda}"
EndProject
Project("{FAE04EC0-301F-11D3-BF4B-00C04F79EFBC}") = "Unity.Rider.Editor", "Unity.Rider.Editor.csproj", "{0f4505f4-5d91-44c0-4f26-5c09f91c15f8}"
EndProject
Project("{FAE04EC0-301F-11D3-BF4B-00C04F79EFBC}") = "Unity.Performance.Profile-Analyzer.Editor", "Unity.Performance.Profile-Analyzer.Editor.csproj", "{08aec10e-55f6-6fa8-f174-b9b1757c83e1}"
EndProject
Project("{FAE04EC0-301F-11D3-BF4B-00C04F79EFBC}") = "FullscreenEditor", "FullscreenEditor.csproj", "{e614b9ed-b81f-15fc-79ab-1814501afad2}"
EndProject
Project("{FAE04EC0-301F-11D3-BF4B-00C04F79EFBC}") = "Unity.VSCode.Editor", "Unity.VSCode.Editor.csproj", "{de54a44c-2dbc-f78d-0132-ad4543b2167f}"
EndProject
Project("{FAE04EC0-301F-11D3-BF4B-00C04F79EFBC}") = "UnityEditor.UI", "UnityEditor.UI.csproj", "{d01dca6b-a687-9098-66ed-8286f5a8796f}"
EndProject
Project("{FAE04EC0-301F-11D3-BF4B-00C04F79EFBC}") = "Unity.TestTools.CodeCoverage.Editor.OpenCover.Model", "Unity.TestTools.CodeCoverage.Editor.OpenCover.Model.csproj", "{f6891a04-bd8f-89ed-2b57-8badb2163ef4}"
EndProject
Project("{FAE04EC0-301F-11D3-BF4B-00C04F79EFBC}") = "Unity.EditorCoroutines.Editor", "Unity.EditorCoroutines.Editor.csproj", "{99aa91fc-8fde-1f52-64e4-b330b5f2f221}"
EndProject
Project("{FAE04EC0-301F-11D3-BF4B-00C04F79EFBC}") = "Unity.Settings.Editor", "Unity.Settings.Editor.csproj", "{b2381e91-184d-4228-5e69-f28db778c6a4}"
EndProject
Project("{FAE04EC0-301F-11D3-BF4B-00C04F79EFBC}") = "Unity.CollabProxy.Editor", "Unity.CollabProxy.Editor.csproj", "{db8f546a-dcca-3f69-bd62-fd6eed8e81c5}"
EndProject
Project("{FAE04EC0-301F-11D3-BF4B-00C04F79EFBC}") = "Unity.TestTools.CodeCoverage.Editor.OpenCover.Mono.Reflection", "Unity.TestTools.CodeCoverage.Editor.OpenCover.Mono.Reflection.csproj", "{f6f8371b-fb21-4b00-4a1d-17c77a471676}"
EndProject
Project("{FAE04EC0-301F-11D3-BF4B-00C04F79EFBC}") = "Unity.VisualScripting.Shared.Editor", "Unity.VisualScripting.Shared.Editor.csproj", "{f153428b-7a13-bf24-4750-f28547f1c880}"
EndProject
Project("{FAE04EC0-301F-11D3-BF4B-00C04F79EFBC}") = "UnityEngine.UI.Tests", "UnityEngine.UI.Tests.csproj", "{28d339a5-4bb1-5150-7a9c-e01ba3036be5}"
EndProject
Project("{FAE04EC0-301F-11D3-BF4B-00C04F79EFBC}") = "UnityEditor.UI.EditorTests", "UnityEditor.UI.EditorTests.csproj", "{2c25e6fc-e957-9b75-b731-f672954b8036}"
EndProject
Project("{FAE04EC0-301F-11D3-BF4B-00C04F79EFBC}") = "Unity.TextMeshPro.Tests", "Unity.TextMeshPro.Tests.csproj", "{34adbc9e-ddf8-e829-f512-126691da692e}"
EndProject
Project("{FAE04EC0-301F-11D3-BF4B-00C04F79EFBC}") = "Assembly-CSharp-Editor", "Assembly-CSharp-Editor.csproj", "{e08d3bd9-211b-c766-8613-a21092a77b32}"
EndProject
Project("{FAE04EC0-301F-11D3-BF4B-00C04F79EFBC}") = "Assembly-CSharp-firstpass", "Assembly-CSharp-firstpass.csproj", "{5d097359-4758-aa0a-3e57-e84f42575230}"
EndProject
Project("{FAE04EC0-301F-11D3-BF4B-00C04F79EFBC}") = "DocCodeExamples", "DocCodeExamples.csproj", "{d5fc63cb-4c89-69b6-a27e-7dd16593b47e}"
EndProject
Project("{FAE04EC0-301F-11D3-BF4B-00C04F79EFBC}") = "Unity.TestTools.CodeCoverage.Editor.Compatibility", "Unity.TestTools.CodeCoverage.Editor.Compatibility.csproj", "{88ee6197-8585-bcd5-f582-0523a8505814}"
EndProject
Project("{FAE04EC0-301F-11D3-BF4B-00C04F79EFBC}") = "Unity.TextMeshPro.Editor.Tests", "Unity.TextMeshPro.Editor.Tests.csproj", "{65b438e1-81f2-b689-46de-e1a2485987f0}"
EndProject
Project("{FAE04EC0-301F-11D3-BF4B-00C04F79EFBC}") = "Unity.Settings.Tests", "Unity.Settings.Tests.csproj", "{ee561fbd-7a1a-12a7-e7c1-361afd85f1bd}"
EndProject
Project("{FAE04EC0-301F-11D3-BF4B-00C04F79EFBC}") = "Unity.Performance.Profile-Analyzer.EditorTests", "Unity.Performance.Profile-Analyzer.EditorTests.csproj", "{ca3f9ba7-dae0-c2dd-0814-379d8502ffe6}"
EndProject
Global
	GlobalSection(SolutionConfigurationPlatforms) = preSolution
		Debug|Any CPU = Debug|Any CPU
	EndGlobalSection
	GlobalSection(ProjectConfigurationPlatforms) = postSolution
		{04da9b23-86e9-fa6d-e547-5054dc14f9cd}.Debug|Any CPU.ActiveCfg = Debug|Any CPU
		{04da9b23-86e9-fa6d-e547-5054dc14f9cd}.Debug|Any CPU.Build.0 = Debug|Any CPU
		{2824af1e-badd-3e47-ce9f-93efe28b3ec5}.Debug|Any CPU.ActiveCfg = Debug|Any CPU
		{2824af1e-badd-3e47-ce9f-93efe28b3ec5}.Debug|Any CPU.Build.0 = Debug|Any CPU
		{d503394b-718c-3324-ac6e-e7799b72660c}.Debug|Any CPU.ActiveCfg = Debug|Any CPU
		{d503394b-718c-3324-ac6e-e7799b72660c}.Debug|Any CPU.Build.0 = Debug|Any CPU
		{b4a7410d-c26a-0d63-bbc7-54003ed9a175}.Debug|Any CPU.ActiveCfg = Debug|Any CPU
		{b4a7410d-c26a-0d63-bbc7-54003ed9a175}.Debug|Any CPU.Build.0 = Debug|Any CPU
		{e322568d-ee15-83da-2835-10da27891584}.Debug|Any CPU.ActiveCfg = Debug|Any CPU
		{e322568d-ee15-83da-2835-10da27891584}.Debug|Any CPU.Build.0 = Debug|Any CPU
		{0e2080fd-eb03-312d-1de0-ac96f86a3871}.Debug|Any CPU.ActiveCfg = Debug|Any CPU
		{0e2080fd-eb03-312d-1de0-ac96f86a3871}.Debug|Any CPU.Build.0 = Debug|Any CPU
		{731fd09c-d490-8a47-9009-11619a240c5b}.Debug|Any CPU.ActiveCfg = Debug|Any CPU
		{731fd09c-d490-8a47-9009-11619a240c5b}.Debug|Any CPU.Build.0 = Debug|Any CPU
		{f8b0497d-a86b-0440-a3b5-dc75723be7d3}.Debug|Any CPU.ActiveCfg = Debug|Any CPU
		{f8b0497d-a86b-0440-a3b5-dc75723be7d3}.Debug|Any CPU.Build.0 = Debug|Any CPU
		{4e5d52fb-bb40-277b-389f-9bb3b326fa80}.Debug|Any CPU.ActiveCfg = Debug|Any CPU
		{4e5d52fb-bb40-277b-389f-9bb3b326fa80}.Debug|Any CPU.Build.0 = Debug|Any CPU
		{268371ce-643f-4118-5c4d-48e9e11b6fd0}.Debug|Any CPU.ActiveCfg = Debug|Any CPU
		{268371ce-643f-4118-5c4d-48e9e11b6fd0}.Debug|Any CPU.Build.0 = Debug|Any CPU
		{12b8dc45-397e-99f2-af27-657a8a3e3b98}.Debug|Any CPU.ActiveCfg = Debug|Any CPU
		{12b8dc45-397e-99f2-af27-657a8a3e3b98}.Debug|Any CPU.Build.0 = Debug|Any CPU
		{5f8a1620-6e6f-1e13-0f99-545f3711e5be}.Debug|Any CPU.ActiveCfg = Debug|Any CPU
		{5f8a1620-6e6f-1e13-0f99-545f3711e5be}.Debug|Any CPU.Build.0 = Debug|Any CPU
		{0de47665-58f1-5f23-bd2b-bc06b8bd9796}.Debug|Any CPU.ActiveCfg = Debug|Any CPU
		{0de47665-58f1-5f23-bd2b-bc06b8bd9796}.Debug|Any CPU.Build.0 = Debug|Any CPU
		{b4a18646-11ee-b6a3-d5b7-ff708f621f7a}.Debug|Any CPU.ActiveCfg = Debug|Any CPU
		{b4a18646-11ee-b6a3-d5b7-ff708f621f7a}.Debug|Any CPU.Build.0 = Debug|Any CPU
		{b4732ff2-8c1d-a66c-36a4-78b3642955a1}.Debug|Any CPU.ActiveCfg = Debug|Any CPU
		{b4732ff2-8c1d-a66c-36a4-78b3642955a1}.Debug|Any CPU.Build.0 = Debug|Any CPU
		{8d88f638-eed3-49fd-f58c-d1e70fb0ea7e}.Debug|Any CPU.ActiveCfg = Debug|Any CPU
		{8d88f638-eed3-49fd-f58c-d1e70fb0ea7e}.Debug|Any CPU.Build.0 = Debug|Any CPU
		{faf79fdb-4fae-e16e-7657-96408ffdeba5}.Debug|Any CPU.ActiveCfg = Debug|Any CPU
		{faf79fdb-4fae-e16e-7657-96408ffdeba5}.Debug|Any CPU.Build.0 = Debug|Any CPU
		{a8c6bf64-8d3c-f9d5-abea-5527dc045bda}.Debug|Any CPU.ActiveCfg = Debug|Any CPU
		{a8c6bf64-8d3c-f9d5-abea-5527dc045bda}.Debug|Any CPU.Build.0 = Debug|Any CPU
		{0f4505f4-5d91-44c0-4f26-5c09f91c15f8}.Debug|Any CPU.ActiveCfg = Debug|Any CPU
		{0f4505f4-5d91-44c0-4f26-5c09f91c15f8}.Debug|Any CPU.Build.0 = Debug|Any CPU
		{08aec10e-55f6-6fa8-f174-b9b1757c83e1}.Debug|Any CPU.ActiveCfg = Debug|Any CPU
		{08aec10e-55f6-6fa8-f174-b9b1757c83e1}.Debug|Any CPU.Build.0 = Debug|Any CPU
		{e614b9ed-b81f-15fc-79ab-1814501afad2}.Debug|Any CPU.ActiveCfg = Debug|Any CPU
		{e614b9ed-b81f-15fc-79ab-1814501afad2}.Debug|Any CPU.Build.0 = Debug|Any CPU
		{de54a44c-2dbc-f78d-0132-ad4543b2167f}.Debug|Any CPU.ActiveCfg = Debug|Any CPU
		{de54a44c-2dbc-f78d-0132-ad4543b2167f}.Debug|Any CPU.Build.0 = Debug|Any CPU
		{d01dca6b-a687-9098-66ed-8286f5a8796f}.Debug|Any CPU.ActiveCfg = Debug|Any CPU
		{d01dca6b-a687-9098-66ed-8286f5a8796f}.Debug|Any CPU.Build.0 = Debug|Any CPU
		{f6891a04-bd8f-89ed-2b57-8badb2163ef4}.Debug|Any CPU.ActiveCfg = Debug|Any CPU
		{f6891a04-bd8f-89ed-2b57-8badb2163ef4}.Debug|Any CPU.Build.0 = Debug|Any CPU
		{99aa91fc-8fde-1f52-64e4-b330b5f2f221}.Debug|Any CPU.ActiveCfg = Debug|Any CPU
		{99aa91fc-8fde-1f52-64e4-b330b5f2f221}.Debug|Any CPU.Build.0 = Debug|Any CPU
		{b2381e91-184d-4228-5e69-f28db778c6a4}.Debug|Any CPU.ActiveCfg = Debug|Any CPU
		{b2381e91-184d-4228-5e69-f28db778c6a4}.Debug|Any CPU.Build.0 = Debug|Any CPU
		{db8f546a-dcca-3f69-bd62-fd6eed8e81c5}.Debug|Any CPU.ActiveCfg = Debug|Any CPU
		{db8f546a-dcca-3f69-bd62-fd6eed8e81c5}.Debug|Any CPU.Build.0 = Debug|Any CPU
		{f6f8371b-fb21-4b00-4a1d-17c77a471676}.Debug|Any CPU.ActiveCfg = Debug|Any CPU
		{f6f8371b-fb21-4b00-4a1d-17c77a471676}.Debug|Any CPU.Build.0 = Debug|Any CPU
		{f153428b-7a13-bf24-4750-f28547f1c880}.Debug|Any CPU.ActiveCfg = Debug|Any CPU
		{f153428b-7a13-bf24-4750-f28547f1c880}.Debug|Any CPU.Build.0 = Debug|Any CPU
		{28d339a5-4bb1-5150-7a9c-e01ba3036be5}.Debug|Any CPU.ActiveCfg = Debug|Any CPU
		{28d339a5-4bb1-5150-7a9c-e01ba3036be5}.Debug|Any CPU.Build.0 = Debug|Any CPU
		{2c25e6fc-e957-9b75-b731-f672954b8036}.Debug|Any CPU.ActiveCfg = Debug|Any CPU
		{2c25e6fc-e957-9b75-b731-f672954b8036}.Debug|Any CPU.Build.0 = Debug|Any CPU
		{34adbc9e-ddf8-e829-f512-126691da692e}.Debug|Any CPU.ActiveCfg = Debug|Any CPU
		{34adbc9e-ddf8-e829-f512-126691da692e}.Debug|Any CPU.Build.0 = Debug|Any CPU
		{e08d3bd9-211b-c766-8613-a21092a77b32}.Debug|Any CPU.ActiveCfg = Debug|Any CPU
		{e08d3bd9-211b-c766-8613-a21092a77b32}.Debug|Any CPU.Build.0 = Debug|Any CPU
		{5d097359-4758-aa0a-3e57-e84f42575230}.Debug|Any CPU.ActiveCfg = Debug|Any CPU
		{5d097359-4758-aa0a-3e57-e84f42575230}.Debug|Any CPU.Build.0 = Debug|Any CPU
		{d5fc63cb-4c89-69b6-a27e-7dd16593b47e}.Debug|Any CPU.ActiveCfg = Debug|Any CPU
		{d5fc63cb-4c89-69b6-a27e-7dd16593b47e}.Debug|Any CPU.Build.0 = Debug|Any CPU
		{88ee6197-8585-bcd5-f582-0523a8505814}.Debug|Any CPU.ActiveCfg = Debug|Any CPU
		{88ee6197-8585-bcd5-f582-0523a8505814}.Debug|Any CPU.Build.0 = Debug|Any CPU
		{65b438e1-81f2-b689-46de-e1a2485987f0}.Debug|Any CPU.ActiveCfg = Debug|Any CPU
		{65b438e1-81f2-b689-46de-e1a2485987f0}.Debug|Any CPU.Build.0 = Debug|Any CPU
		{ee561fbd-7a1a-12a7-e7c1-361afd85f1bd}.Debug|Any CPU.ActiveCfg = Debug|Any CPU
		{ee561fbd-7a1a-12a7-e7c1-361afd85f1bd}.Debug|Any CPU.Build.0 = Debug|Any CPU
		{ca3f9ba7-dae0-c2dd-0814-379d8502ffe6}.Debug|Any CPU.ActiveCfg = Debug|Any CPU
		{ca3f9ba7-dae0-c2dd-0814-379d8502ffe6}.Debug|Any CPU.Build.0 = Debug|Any CPU
	EndGlobalSection
	GlobalSection(SolutionProperties) = preSolution
		HideSolutionNode = FALSE
	EndGlobalSection
EndGlobal
